
Microsoft Visual Studio Solution File, Format Version 12.00
# Visual Studio Version 16
VisualStudioVersion = 16.0.30413.136
MinimumVisualStudioVersion = 10.0.40219.1
Project("{FAE04EC0-301F-11D3-BF4B-00C04F79EFBC}") = "hometaskandclasscopy", "hometaskandclasscopy.csproj", "{A055E4D7-8858-4102-932E-D5309DC4D209}"
EndProject
Global
	GlobalSection(SolutionConfigurationPlatforms) = preSolution
		Debug|Any CPU = Debug|Any CPU
		Release|Any CPU = Release|Any CPU
	EndGlobalSection
	GlobalSection(ProjectConfigurationPlatforms) = postSolution
		{A055E4D7-8858-4102-932E-D5309DC4D209}.Debug|Any CPU.ActiveCfg = Debug|Any CPU
		{A055E4D7-8858-4102-932E-D5309DC4D209}.Debug|Any CPU.Build.0 = Debug|Any CPU
		{A055E4D7-8858-4102-932E-D5309DC4D209}.Release|Any CPU.ActiveCfg = Release|Any CPU
		{A055E4D7-8858-4102-932E-D5309DC4D209}.Release|Any CPU.Build.0 = Release|Any CPU
	EndGlobalSection
	GlobalSection(SolutionProperties) = preSolution
		HideSolutionNode = FALSE
	EndGlobalSection
	GlobalSection(ExtensibilityGlobals) = postSolution
		SolutionGuid = {08B48D1E-7770-4A5D-A07E-108231A28A86}
	EndGlobalSection
EndGlobal
